
Microsoft Visual Studio Solution File, Format Version 12.00
# Visual Studio Version 17
VisualStudioVersion = 17.9.34622.214
MinimumVisualStudioVersion = 10.0.40219.1
Project("{FAE04EC0-301F-11D3-BF4B-00C04F79EFBC}") = "ChatClient", "ChatClient\ChatClient.csproj", "{00522C5F-1BE7-468F-BAE1-649575E061A1}"
EndProject
Project("{FAE04EC0-301F-11D3-BF4B-00C04F79EFBC}") = "ChatServer", "ChatServer\ChatServer.csproj", "{22AF58DB-1AB9-4B46-B7EB-D4FFDD181537}"
EndProject
Global
	GlobalSection(SolutionConfigurationPlatforms) = preSolution
		Debug|Any CPU = Debug|Any CPU
		Release|Any CPU = Release|Any CPU
	EndGlobalSection
	GlobalSection(ProjectConfigurationPlatforms) = postSolution
		{00522C5F-1BE7-468F-BAE1-649575E061A1}.Debug|Any CPU.ActiveCfg = Debug|Any CPU
		{00522C5F-1BE7-468F-BAE1-649575E061A1}.Debug|Any CPU.Build.0 = Debug|Any CPU
		{00522C5F-1BE7-468F-BAE1-649575E061A1}.Release|Any CPU.ActiveCfg = Release|Any CPU
		{00522C5F-1BE7-468F-BAE1-649575E061A1}.Release|Any CPU.Build.0 = Release|Any CPU
		{22AF58DB-1AB9-4B46-B7EB-D4FFDD181537}.Debug|Any CPU.ActiveCfg = Debug|Any CPU
		{22AF58DB-1AB9-4B46-B7EB-D4FFDD181537}.Debug|Any CPU.Build.0 = Debug|Any CPU
		{22AF58DB-1AB9-4B46-B7EB-D4FFDD181537}.Release|Any CPU.ActiveCfg = Release|Any CPU
		{22AF58DB-1AB9-4B46-B7EB-D4FFDD181537}.Release|Any CPU.Build.0 = Release|Any CPU
	EndGlobalSection
	GlobalSection(SolutionProperties) = preSolution
		HideSolutionNode = FALSE
	EndGlobalSection
	GlobalSection(ExtensibilityGlobals) = postSolution
		SolutionGuid = {0DB61DA8-36FA-488B-BCAB-BA245A26A4AB}
	EndGlobalSection
EndGlobal
